
Microsoft Visual Studio Solution File, Format Version 12.00
# Visual Studio 15
VisualStudioVersion = 15.0.28307.106
MinimumVisualStudioVersion = 10.0.40219.1
Project("{FAE04EC0-301F-11D3-BF4B-00C04F79EFBC}") = "NCLASES", "NCLASES\NCLASES.csproj", "{F01F375B-25C6-4069-B804-114BDFA28DE2}"
EndProject
Project("{FAE04EC0-301F-11D3-BF4B-00C04F79EFBC}") = "BusinessLayer", "BusinessLayer\BusinessLayer.csproj", "{E0151F85-2181-4F12-915E-859A975310C6}"
EndProject
Project("{FAE04EC0-301F-11D3-BF4B-00C04F79EFBC}") = "DataAccessLayer", "DataAccessLayer\DataAccessLayer.csproj", "{DA67FBBB-291D-4720-AB9F-768745BE6188}"
EndProject
Global
	GlobalSection(SolutionConfigurationPlatforms) = preSolution
		Debug|Any CPU = Debug|Any CPU
		Release|Any CPU = Release|Any CPU
	EndGlobalSection
	GlobalSection(ProjectConfigurationPlatforms) = postSolution
		{F01F375B-25C6-4069-B804-114BDFA28DE2}.Debug|Any CPU.ActiveCfg = Debug|Any CPU
		{F01F375B-25C6-4069-B804-114BDFA28DE2}.Debug|Any CPU.Build.0 = Debug|Any CPU
		{F01F375B-25C6-4069-B804-114BDFA28DE2}.Release|Any CPU.ActiveCfg = Release|Any CPU
		{F01F375B-25C6-4069-B804-114BDFA28DE2}.Release|Any CPU.Build.0 = Release|Any CPU
		{E0151F85-2181-4F12-915E-859A975310C6}.Debug|Any CPU.ActiveCfg = Debug|Any CPU
		{E0151F85-2181-4F12-915E-859A975310C6}.Debug|Any CPU.Build.0 = Debug|Any CPU
		{E0151F85-2181-4F12-915E-859A975310C6}.Release|Any CPU.ActiveCfg = Release|Any CPU
		{E0151F85-2181-4F12-915E-859A975310C6}.Release|Any CPU.Build.0 = Release|Any CPU
		{DA67FBBB-291D-4720-AB9F-768745BE6188}.Debug|Any CPU.ActiveCfg = Debug|Any CPU
		{DA67FBBB-291D-4720-AB9F-768745BE6188}.Debug|Any CPU.Build.0 = Debug|Any CPU
		{DA67FBBB-291D-4720-AB9F-768745BE6188}.Release|Any CPU.ActiveCfg = Release|Any CPU
		{DA67FBBB-291D-4720-AB9F-768745BE6188}.Release|Any CPU.Build.0 = Release|Any CPU
	EndGlobalSection
	GlobalSection(SolutionProperties) = preSolution
		HideSolutionNode = FALSE
	EndGlobalSection
	GlobalSection(ExtensibilityGlobals) = postSolution
		SolutionGuid = {8AC3BF27-F69F-48BF-8709-A2C26ECC5F1C}
	EndGlobalSection
EndGlobal
